
Microsoft Visual Studio Solution File, Format Version 12.00
# Visual Studio Version 17
VisualStudioVersion = 17.8.34309.116
MinimumVisualStudioVersion = 10.0.40219.1
Project("{FAE04EC0-301F-11D3-BF4B-00C04F79EFBC}") = "Konstr_PO_lab_3", "Konstr_PO_lab_3\Konstr_PO_lab_3.csproj", "{E66B0DDA-D77C-43B9-AA4E-FC187F186F26}"
EndProject
Global
	GlobalSection(SolutionConfigurationPlatforms) = preSolution
		Debug|Any CPU = Debug|Any CPU
		Release|Any CPU = Release|Any CPU
	EndGlobalSection
	GlobalSection(ProjectConfigurationPlatforms) = postSolution
		{E66B0DDA-D77C-43B9-AA4E-FC187F186F26}.Debug|Any CPU.ActiveCfg = Debug|Any CPU
		{E66B0DDA-D77C-43B9-AA4E-FC187F186F26}.Debug|Any CPU.Build.0 = Debug|Any CPU
		{E66B0DDA-D77C-43B9-AA4E-FC187F186F26}.Release|Any CPU.ActiveCfg = Release|Any CPU
		{E66B0DDA-D77C-43B9-AA4E-FC187F186F26}.Release|Any CPU.Build.0 = Release|Any CPU
	EndGlobalSection
	GlobalSection(SolutionProperties) = preSolution
		HideSolutionNode = FALSE
	EndGlobalSection
	GlobalSection(ExtensibilityGlobals) = postSolution
		SolutionGuid = {44E84D07-8B25-41E0-A72A-2E59FD85FA72}
	EndGlobalSection
EndGlobal
